// !$*UTF8*$!
{
	archiveVersion = 1;
	classes = {
	};
	objectVersion = 50;
	objects = {

/* Begin PBXBuildFile section */
		17DA94ED222B6073002E2057 /* AppDelegate.swift in Sources */ = {isa = PBXBuildFile; fileRef = 17DA94EC222B6073002E2057 /* AppDelegate.swift */; };
		17DA94F2222B6073002E2057 /* Main.storyboard in Resources */ = {isa = PBXBuildFile; fileRef = 17DA94F0222B6073002E2057 /* Main.storyboard */; };
		17DA94F5222B6073002E2057 /* Money_io.xcdatamodeld in Sources */ = {isa = PBXBuildFile; fileRef = 17DA94F3222B6073002E2057 /* Money_io.xcdatamodeld */; };
		17DA94F7222B6074002E2057 /* Assets.xcassets in Resources */ = {isa = PBXBuildFile; fileRef = 17DA94F6222B6074002E2057 /* Assets.xcassets */; };
		17DA94FA222B6074002E2057 /* LaunchScreen.storyboard in Resources */ = {isa = PBXBuildFile; fileRef = 17DA94F8222B6074002E2057 /* LaunchScreen.storyboard */; };
		17DA9505222B6074002E2057 /* Money_ioTests.swift in Sources */ = {isa = PBXBuildFile; fileRef = 17DA9504222B6074002E2057 /* Money_ioTests.swift */; };
		17DA9510222B6160002E2057 /* GroupViewController.swift in Sources */ = {isa = PBXBuildFile; fileRef = 17DA950F222B6160002E2057 /* GroupViewController.swift */; };
		17DA9512222B6514002E2057 /* GroupMembersViewController.swift in Sources */ = {isa = PBXBuildFile; fileRef = 17DA9511222B6514002E2057 /* GroupMembersViewController.swift */; };
		17DA9514222B6675002E2057 /* User.swift in Sources */ = {isa = PBXBuildFile; fileRef = 17DA9513222B6675002E2057 /* User.swift */; };
		17DA9516222B67DA002E2057 /* Group.swift in Sources */ = {isa = PBXBuildFile; fileRef = 17DA9515222B67DA002E2057 /* Group.swift */; };
		17DA9518222B6E55002E2057 /* NewEditMemberViewController.swift in Sources */ = {isa = PBXBuildFile; fileRef = 17DA9517222B6E55002E2057 /* NewEditMemberViewController.swift */; };
		C8FCD143222C814300607F4D /* NewTransactionViewController.swift in Sources */ = {isa = PBXBuildFile; fileRef = C8FCD142222C814300607F4D /* NewTransactionViewController.swift */; };
		C8FCD145222C854800607F4D /* PaidByViewController.swift in Sources */ = {isa = PBXBuildFile; fileRef = C8FCD144222C854800607F4D /* PaidByViewController.swift */; };
		C8FCD147222C956F00607F4D /* SplitBetweenViewController.swift in Sources */ = {isa = PBXBuildFile; fileRef = C8FCD146222C956F00607F4D /* SplitBetweenViewController.swift */; };
/* End PBXBuildFile section */

/* Begin PBXContainerItemProxy section */
		17DA9501222B6074002E2057 /* PBXContainerItemProxy */ = {
			isa = PBXContainerItemProxy;
			containerPortal = 17DA94E1222B6073002E2057 /* Project object */;
			proxyType = 1;
			remoteGlobalIDString = 17DA94E8222B6073002E2057;
			remoteInfo = Money.io;
		};
/* End PBXContainerItemProxy section */

/* Begin PBXFileReference section */
		17DA94E9222B6073002E2057 /* Money.io.app */ = {isa = PBXFileReference; explicitFileType = wrapper.application; includeInIndex = 0; path = Money.io.app; sourceTree = BUILT_PRODUCTS_DIR; };
		17DA94EC222B6073002E2057 /* AppDelegate.swift */ = {isa = PBXFileReference; lastKnownFileType = sourcecode.swift; path = AppDelegate.swift; sourceTree = "<group>"; };
		17DA94F1222B6073002E2057 /* Base */ = {isa = PBXFileReference; lastKnownFileType = file.storyboard; name = Base; path = Base.lproj/Main.storyboard; sourceTree = "<group>"; };
		17DA94F4222B6073002E2057 /* Money_io.xcdatamodel */ = {isa = PBXFileReference; lastKnownFileType = wrapper.xcdatamodel; path = Money_io.xcdatamodel; sourceTree = "<group>"; };
		17DA94F6222B6074002E2057 /* Assets.xcassets */ = {isa = PBXFileReference; lastKnownFileType = folder.assetcatalog; path = Assets.xcassets; sourceTree = "<group>"; };
		17DA94F9222B6074002E2057 /* Base */ = {isa = PBXFileReference; lastKnownFileType = file.storyboard; name = Base; path = Base.lproj/LaunchScreen.storyboard; sourceTree = "<group>"; };
		17DA94FB222B6074002E2057 /* Info.plist */ = {isa = PBXFileReference; lastKnownFileType = text.plist.xml; path = Info.plist; sourceTree = "<group>"; };
		17DA9500222B6074002E2057 /* Money.ioTests.xctest */ = {isa = PBXFileReference; explicitFileType = wrapper.cfbundle; includeInIndex = 0; path = Money.ioTests.xctest; sourceTree = BUILT_PRODUCTS_DIR; };
		17DA9504222B6074002E2057 /* Money_ioTests.swift */ = {isa = PBXFileReference; lastKnownFileType = sourcecode.swift; path = Money_ioTests.swift; sourceTree = "<group>"; };
		17DA9506222B6074002E2057 /* Info.plist */ = {isa = PBXFileReference; lastKnownFileType = text.plist.xml; path = Info.plist; sourceTree = "<group>"; };
		17DA950F222B6160002E2057 /* GroupViewController.swift */ = {isa = PBXFileReference; lastKnownFileType = sourcecode.swift; path = GroupViewController.swift; sourceTree = "<group>"; };
		17DA9511222B6514002E2057 /* GroupMembersViewController.swift */ = {isa = PBXFileReference; lastKnownFileType = sourcecode.swift; path = GroupMembersViewController.swift; sourceTree = "<group>"; };
		17DA9513222B6675002E2057 /* User.swift */ = {isa = PBXFileReference; lastKnownFileType = sourcecode.swift; path = User.swift; sourceTree = "<group>"; };
		17DA9515222B67DA002E2057 /* Group.swift */ = {isa = PBXFileReference; lastKnownFileType = sourcecode.swift; path = Group.swift; sourceTree = "<group>"; };
		17DA9517222B6E55002E2057 /* NewEditMemberViewController.swift */ = {isa = PBXFileReference; lastKnownFileType = sourcecode.swift; path = NewEditMemberViewController.swift; sourceTree = "<group>"; };
		C8FCD142222C814300607F4D /* NewTransactionViewController.swift */ = {isa = PBXFileReference; lastKnownFileType = sourcecode.swift; path = NewTransactionViewController.swift; sourceTree = "<group>"; };
		C8FCD144222C854800607F4D /* PaidByViewController.swift */ = {isa = PBXFileReference; lastKnownFileType = sourcecode.swift; path = PaidByViewController.swift; sourceTree = "<group>"; };
		C8FCD146222C956F00607F4D /* SplitBetweenViewController.swift */ = {isa = PBXFileReference; lastKnownFileType = sourcecode.swift; path = SplitBetweenViewController.swift; sourceTree = "<group>"; };
/* End PBXFileReference section */

/* Begin PBXFrameworksBuildPhase section */
		17DA94E6222B6073002E2057 /* Frameworks */ = {
			isa = PBXFrameworksBuildPhase;
			buildActionMask = 2147483647;
			files = (
			);
			runOnlyForDeploymentPostprocessing = 0;
		};
		17DA94FD222B6074002E2057 /* Frameworks */ = {
			isa = PBXFrameworksBuildPhase;
			buildActionMask = 2147483647;
			files = (
			);
			runOnlyForDeploymentPostprocessing = 0;
		};
/* End PBXFrameworksBuildPhase section */

/* Begin PBXGroup section */
		17DA94E0222B6073002E2057 = {
			isa = PBXGroup;
			children = (
				17DA94EB222B6073002E2057 /* Money.io */,
				17DA9503222B6074002E2057 /* Money.ioTests */,
				17DA94EA222B6073002E2057 /* Products */,
			);
			sourceTree = "<group>";
		};
		17DA94EA222B6073002E2057 /* Products */ = {
			isa = PBXGroup;
			children = (
				17DA94E9222B6073002E2057 /* Money.io.app */,
				17DA9500222B6074002E2057 /* Money.ioTests.xctest */,
			);
			name = Products;
			sourceTree = "<group>";
		};
		17DA94EB222B6073002E2057 /* Money.io */ = {
			isa = PBXGroup;
			children = (
				17DA94EC222B6073002E2057 /* AppDelegate.swift */,
				17DA94F0222B6073002E2057 /* Main.storyboard */,
				17DA950F222B6160002E2057 /* GroupViewController.swift */,
				17DA9511222B6514002E2057 /* GroupMembersViewController.swift */,
				17DA9517222B6E55002E2057 /* NewEditMemberViewController.swift */,
				C8FCD142222C814300607F4D /* NewTransactionViewController.swift */,
				C8FCD144222C854800607F4D /* PaidByViewController.swift */,
				C8FCD146222C956F00607F4D /* SplitBetweenViewController.swift */,
				17DA9513222B6675002E2057 /* User.swift */,
				17DA9515222B67DA002E2057 /* Group.swift */,
				17DA94F6222B6074002E2057 /* Assets.xcassets */,
				17DA94F8222B6074002E2057 /* LaunchScreen.storyboard */,
				17DA94FB222B6074002E2057 /* Info.plist */,
				17DA94F3222B6073002E2057 /* Money_io.xcdatamodeld */,
			);
			path = Money.io;
			sourceTree = "<group>";
		};
		17DA9503222B6074002E2057 /* Money.ioTests */ = {
			isa = PBXGroup;
			children = (
				17DA9504222B6074002E2057 /* Money_ioTests.swift */,
				17DA9506222B6074002E2057 /* Info.plist */,
			);
			path = Money.ioTests;
			sourceTree = "<group>";
		};
/* End PBXGroup section */

/* Begin PBXNativeTarget section */
		17DA94E8222B6073002E2057 /* Money.io */ = {
			isa = PBXNativeTarget;
			buildConfigurationList = 17DA9509222B6074002E2057 /* Build configuration list for PBXNativeTarget "Money.io" */;
			buildPhases = (
				17DA94E5222B6073002E2057 /* Sources */,
				17DA94E6222B6073002E2057 /* Frameworks */,
				17DA94E7222B6073002E2057 /* Resources */,
			);
			buildRules = (
			);
			dependencies = (
			);
			name = Money.io;
			productName = Money.io;
			productReference = 17DA94E9222B6073002E2057 /* Money.io.app */;
			productType = "com.apple.product-type.application";
		};
		17DA94FF222B6074002E2057 /* Money.ioTests */ = {
			isa = PBXNativeTarget;
			buildConfigurationList = 17DA950C222B6074002E2057 /* Build configuration list for PBXNativeTarget "Money.ioTests" */;
			buildPhases = (
				17DA94FC222B6074002E2057 /* Sources */,
				17DA94FD222B6074002E2057 /* Frameworks */,
				17DA94FE222B6074002E2057 /* Resources */,
			);
			buildRules = (
			);
			dependencies = (
				17DA9502222B6074002E2057 /* PBXTargetDependency */,
			);
			name = Money.ioTests;
			productName = Money.ioTests;
			productReference = 17DA9500222B6074002E2057 /* Money.ioTests.xctest */;
			productType = "com.apple.product-type.bundle.unit-test";
		};
/* End PBXNativeTarget section */

/* Begin PBXProject section */
		17DA94E1222B6073002E2057 /* Project object */ = {
			isa = PBXProject;
			attributes = {
				LastSwiftUpdateCheck = 1010;
				LastUpgradeCheck = 1010;
				ORGANIZATIONNAME = "Matthew Chan";
				TargetAttributes = {
					17DA94E8222B6073002E2057 = {
						CreatedOnToolsVersion = 10.1;
					};
					17DA94FF222B6074002E2057 = {
						CreatedOnToolsVersion = 10.1;
						TestTargetID = 17DA94E8222B6073002E2057;
					};
				};
			};
			buildConfigurationList = 17DA94E4222B6073002E2057 /* Build configuration list for PBXProject "Money.io" */;
			compatibilityVersion = "Xcode 9.3";
			developmentRegion = en;
			hasScannedForEncodings = 0;
			knownRegions = (
				en,
				Base,
			);
			mainGroup = 17DA94E0222B6073002E2057;
			productRefGroup = 17DA94EA222B6073002E2057 /* Products */;
			projectDirPath = "";
			projectRoot = "";
			targets = (
				17DA94E8222B6073002E2057 /* Money.io */,
				17DA94FF222B6074002E2057 /* Money.ioTests */,
			);
		};
/* End PBXProject section */

/* Begin PBXResourcesBuildPhase section */
		17DA94E7222B6073002E2057 /* Resources */ = {
			isa = PBXResourcesBuildPhase;
			buildActionMask = 2147483647;
			files = (
				17DA94FA222B6074002E2057 /* LaunchScreen.storyboard in Resources */,
				17DA94F7222B6074002E2057 /* Assets.xcassets in Resources */,
				17DA94F2222B6073002E2057 /* Main.storyboard in Resources */,
			);
			runOnlyForDeploymentPostprocessing = 0;
		};
		17DA94FE222B6074002E2057 /* Resources */ = {
			isa = PBXResourcesBuildPhase;
			buildActionMask = 2147483647;
			files = (
			);
			runOnlyForDeploymentPostprocessing = 0;
		};
/* End PBXResourcesBuildPhase section */

/* Begin PBXSourcesBuildPhase section */
		17DA94E5222B6073002E2057 /* Sources */ = {
			isa = PBXSourcesBuildPhase;
			buildActionMask = 2147483647;
			files = (
				C8FCD145222C854800607F4D /* PaidByViewController.swift in Sources */,
				17DA9518222B6E55002E2057 /* NewEditMemberViewController.swift in Sources */,
				C8FCD147222C956F00607F4D /* SplitBetweenViewController.swift in Sources */,
				17DA9512222B6514002E2057 /* GroupMembersViewController.swift in Sources */,
				17DA9510222B6160002E2057 /* GroupViewController.swift in Sources */,
				17DA94ED222B6073002E2057 /* AppDelegate.swift in Sources */,
				C8FCD143222C814300607F4D /* NewTransactionViewController.swift in Sources */,
				17DA9516222B67DA002E2057 /* Group.swift in Sources */,
				17DA9514222B6675002E2057 /* User.swift in Sources */,
				17DA94F5222B6073002E2057 /* Money_io.xcdatamodeld in Sources */,
			);
			runOnlyForDeploymentPostprocessing = 0;
		};
		17DA94FC222B6074002E2057 /* Sources */ = {
			isa = PBXSourcesBuildPhase;
			buildActionMask = 2147483647;
			files = (
				17DA9505222B6074002E2057 /* Money_ioTests.swift in Sources */,
			);
			runOnlyForDeploymentPostprocessing = 0;
		};
/* End PBXSourcesBuildPhase section */

/* Begin PBXTargetDependency section */
		17DA9502222B6074002E2057 /* PBXTargetDependency */ = {
			isa = PBXTargetDependency;
			target = 17DA94E8222B6073002E2057 /* Money.io */;
			targetProxy = 17DA9501222B6074002E2057 /* PBXContainerItemProxy */;
		};
/* End PBXTargetDependency section */

/* Begin PBXVariantGroup section */
		17DA94F0222B6073002E2057 /* Main.storyboard */ = {
			isa = PBXVariantGroup;
			children = (
				17DA94F1222B6073002E2057 /* Base */,
			);
			name = Main.storyboard;
			sourceTree = "<group>";
		};
		17DA94F8222B6074002E2057 /* LaunchScreen.storyboard */ = {
			isa = PBXVariantGroup;
			children = (
				17DA94F9222B6074002E2057 /* Base */,
			);
			name = LaunchScreen.storyboard;
			sourceTree = "<group>";
		};
/* End PBXVariantGroup section */

/* Begin XCBuildConfiguration section */
		17DA9507222B6074002E2057 /* Debug */ = {
			isa = XCBuildConfiguration;
			buildSettings = {
				ALWAYS_SEARCH_USER_PATHS = NO;
				CLANG_ANALYZER_NONNULL = YES;
				CLANG_ANALYZER_NUMBER_OBJECT_CONVERSION = YES_AGGRESSIVE;
				CLANG_CXX_LANGUAGE_STANDARD = "gnu++14";
				CLANG_CXX_LIBRARY = "libc++";
				CLANG_ENABLE_MODULES = YES;
				CLANG_ENABLE_OBJC_ARC = YES;
				CLANG_ENABLE_OBJC_WEAK = YES;
				CLANG_WARN_BLOCK_CAPTURE_AUTORELEASING = YES;
				CLANG_WARN_BOOL_CONVERSION = YES;
				CLANG_WARN_COMMA = YES;
				CLANG_WARN_CONSTANT_CONVERSION = YES;
				CLANG_WARN_DEPRECATED_OBJC_IMPLEMENTATIONS = YES;
				CLANG_WARN_DIRECT_OBJC_ISA_USAGE = YES_ERROR;
				CLANG_WARN_DOCUMENTATION_COMMENTS = YES;
				CLANG_WARN_EMPTY_BODY = YES;
				CLANG_WARN_ENUM_CONVERSION = YES;
				CLANG_WARN_INFINITE_RECURSION = YES;
				CLANG_WARN_INT_CONVERSION = YES;
				CLANG_WARN_NON_LITERAL_NULL_CONVERSION = YES;
				CLANG_WARN_OBJC_IMPLICIT_RETAIN_SELF = YES;
				CLANG_WARN_OBJC_LITERAL_CONVERSION = YES;
				CLANG_WARN_OBJC_ROOT_CLASS = YES_ERROR;
				CLANG_WARN_RANGE_LOOP_ANALYSIS = YES;
				CLANG_WARN_STRICT_PROTOTYPES = YES;
				CLANG_WARN_SUSPICIOUS_MOVE = YES;
				CLANG_WARN_UNGUARDED_AVAILABILITY = YES_AGGRESSIVE;
				CLANG_WARN_UNREACHABLE_CODE = YES;
				CLANG_WARN__DUPLICATE_METHOD_MATCH = YES;
				CODE_SIGN_IDENTITY = "iPhone Developer";
				COPY_PHASE_STRIP = NO;
				DEBUG_INFORMATION_FORMAT = dwarf;
				ENABLE_STRICT_OBJC_MSGSEND = YES;
				ENABLE_TESTABILITY = YES;
				GCC_C_LANGUAGE_STANDARD = gnu11;
				GCC_DYNAMIC_NO_PIC = NO;
				GCC_NO_COMMON_BLOCKS = YES;
				GCC_OPTIMIZATION_LEVEL = 0;
				GCC_PREPROCESSOR_DEFINITIONS = (
					"DEBUG=1",
					"$(inherited)",
				);
				GCC_WARN_64_TO_32_BIT_CONVERSION = YES;
				GCC_WARN_ABOUT_RETURN_TYPE = YES_ERROR;
				GCC_WARN_UNDECLARED_SELECTOR = YES;
				GCC_WARN_UNINITIALIZED_AUTOS = YES_AGGRESSIVE;
				GCC_WARN_UNUSED_FUNCTION = YES;
				GCC_WARN_UNUSED_VARIABLE = YES;
				IPHONEOS_DEPLOYMENT_TARGET = 12.1;
				MTL_ENABLE_DEBUG_INFO = INCLUDE_SOURCE;
				MTL_FAST_MATH = YES;
				ONLY_ACTIVE_ARCH = YES;
				SDKROOT = iphoneos;
				SWIFT_ACTIVE_COMPILATION_CONDITIONS = DEBUG;
				SWIFT_OPTIMIZATION_LEVEL = "-Onone";
			};
			name = Debug;
		};
		17DA9508222B6074002E2057 /* Release */ = {
			isa = XCBuildConfiguration;
			buildSettings = {
				ALWAYS_SEARCH_USER_PATHS = NO;
				CLANG_ANALYZER_NONNULL = YES;
				CLANG_ANALYZER_NUMBER_OBJECT_CONVERSION = YES_AGGRESSIVE;
				CLANG_CXX_LANGUAGE_STANDARD = "gnu++14";
				CLANG_CXX_LIBRARY = "libc++";
				CLANG_ENABLE_MODULES = YES;
				CLANG_ENABLE_OBJC_ARC = YES;
				CLANG_ENABLE_OBJC_WEAK = YES;
				CLANG_WARN_BLOCK_CAPTURE_AUTORELEASING = YES;
				CLANG_WARN_BOOL_CONVERSION = YES;
				CLANG_WARN_COMMA = YES;
				CLANG_WARN_CONSTANT_CONVERSION = YES;
				CLANG_WARN_DEPRECATED_OBJC_IMPLEMENTATIONS = YES;
				CLANG_WARN_DIRECT_OBJC_ISA_USAGE = YES_ERROR;
				CLANG_WARN_DOCUMENTATION_COMMENTS = YES;
				CLANG_WARN_EMPTY_BODY = YES;
				CLANG_WARN_ENUM_CONVERSION = YES;
				CLANG_WARN_INFINITE_RECURSION = YES;
				CLANG_WARN_INT_CONVERSION = YES;
				CLANG_WARN_NON_LITERAL_NULL_CONVERSION = YES;
				CLANG_WARN_OBJC_IMPLICIT_RETAIN_SELF = YES;
				CLANG_WARN_OBJC_LITERAL_CONVERSION = YES;
				CLANG_WARN_OBJC_ROOT_CLASS = YES_ERROR;
				CLANG_WARN_RANGE_LOOP_ANALYSIS = YES;
				CLANG_WARN_STRICT_PROTOTYPES = YES;
				CLANG_WARN_SUSPICIOUS_MOVE = YES;
				CLANG_WARN_UNGUARDED_AVAILABILITY = YES_AGGRESSIVE;
				CLANG_WARN_UNREACHABLE_CODE = YES;
				CLANG_WARN__DUPLICATE_METHOD_MATCH = YES;
				CODE_SIGN_IDENTITY = "iPhone Developer";
				COPY_PHASE_STRIP = NO;
				DEBUG_INFORMATION_FORMAT = "dwarf-with-dsym";
				ENABLE_NS_ASSERTIONS = NO;
				ENABLE_STRICT_OBJC_MSGSEND = YES;
				GCC_C_LANGUAGE_STANDARD = gnu11;
				GCC_NO_COMMON_BLOCKS = YES;
				GCC_WARN_64_TO_32_BIT_CONVERSION = YES;
				GCC_WARN_ABOUT_RETURN_TYPE = YES_ERROR;
				GCC_WARN_UNDECLARED_SELECTOR = YES;
				GCC_WARN_UNINITIALIZED_AUTOS = YES_AGGRESSIVE;
				GCC_WARN_UNUSED_FUNCTION = YES;
				GCC_WARN_UNUSED_VARIABLE = YES;
				IPHONEOS_DEPLOYMENT_TARGET = 12.1;
				MTL_ENABLE_DEBUG_INFO = NO;
				MTL_FAST_MATH = YES;
				SDKROOT = iphoneos;
				SWIFT_COMPILATION_MODE = wholemodule;
				SWIFT_OPTIMIZATION_LEVEL = "-O";
				VALIDATE_PRODUCT = YES;
			};
			name = Release;
		};
		17DA950A222B6074002E2057 /* Debug */ = {
			isa = XCBuildConfiguration;
			buildSettings = {
				ASSETCATALOG_COMPILER_APPICON_NAME = AppIcon;
				CODE_SIGN_STYLE = Automatic;
				DEVELOPMENT_TEAM = 9X7754242C;
				INFOPLIST_FILE = Money.io/Info.plist;
				LD_RUNPATH_SEARCH_PATHS = (
					"$(inherited)",
					"@executable_path/Frameworks",
				);
				PRODUCT_BUNDLE_IDENTIFIER = "com.MatthewChan.Money-io";
				PRODUCT_NAME = "$(TARGET_NAME)";
				SWIFT_VERSION = 4.2;
				TARGETED_DEVICE_FAMILY = "1,2";
			};
			name = Debug;
		};
		17DA950B222B6074002E2057 /* Release */ = {
			isa = XCBuildConfiguration;
			buildSettings = {
				ASSETCATALOG_COMPILER_APPICON_NAME = AppIcon;
				CODE_SIGN_STYLE = Automatic;
				DEVELOPMENT_TEAM = 9X7754242C;
				INFOPLIST_FILE = Money.io/Info.plist;
				LD_RUNPATH_SEARCH_PATHS = (
					"$(inherited)",
					"@executable_path/Frameworks",
				);
				PRODUCT_BUNDLE_IDENTIFIER = "com.MatthewChan.Money-io";
				PRODUCT_NAME = "$(TARGET_NAME)";
				SWIFT_VERSION = 4.2;
				TARGETED_DEVICE_FAMILY = "1,2";
			};
			name = Release;
		};
		17DA950D222B6074002E2057 /* Debug */ = {
			isa = XCBuildConfiguration;
			buildSettings = {
				ALWAYS_EMBED_SWIFT_STANDARD_LIBRARIES = YES;
				BUNDLE_LOADER = "$(TEST_HOST)";
				CODE_SIGN_STYLE = Automatic;
				DEVELOPMENT_TEAM = X3GKR9NFG3;
				INFOPLIST_FILE = Money.ioTests/Info.plist;
				LD_RUNPATH_SEARCH_PATHS = (
					"$(inherited)",
					"@executable_path/Frameworks",
					"@loader_path/Frameworks",
				);
				PRODUCT_BUNDLE_IDENTIFIER = "com.MatthewChan.Money-ioTests";
				PRODUCT_NAME = "$(TARGET_NAME)";
				SWIFT_VERSION = 4.2;
				TARGETED_DEVICE_FAMILY = "1,2";
				TEST_HOST = "$(BUILT_PRODUCTS_DIR)/Money.io.app/Money.io";
			};
			name = Debug;
		};
		17DA950E222B6074002E2057 /* Release */ = {
			isa = XCBuildConfiguration;
			buildSettings = {
				ALWAYS_EMBED_SWIFT_STANDARD_LIBRARIES = YES;
				BUNDLE_LOADER = "$(TEST_HOST)";
				CODE_SIGN_STYLE = Automatic;
				DEVELOPMENT_TEAM = X3GKR9NFG3;
				INFOPLIST_FILE = Money.ioTests/Info.plist;
				LD_RUNPATH_SEARCH_PATHS = (
					"$(inherited)",
					"@executable_path/Frameworks",
					"@loader_path/Frameworks",
				);
				PRODUCT_BUNDLE_IDENTIFIER = "com.MatthewChan.Money-ioTests";
				PRODUCT_NAME = "$(TARGET_NAME)";
				SWIFT_VERSION = 4.2;
				TARGETED_DEVICE_FAMILY = "1,2";
				TEST_HOST = "$(BUILT_PRODUCTS_DIR)/Money.io.app/Money.io";
			};
			name = Release;
		};
/* End XCBuildConfiguration section */

/* Begin XCConfigurationList section */
		17DA94E4222B6073002E2057 /* Build configuration list for PBXProject "Money.io" */ = {
			isa = XCConfigurationList;
			buildConfigurations = (
				17DA9507222B6074002E2057 /* Debug */,
				17DA9508222B6074002E2057 /* Release */,
			);
			defaultConfigurationIsVisible = 0;
			defaultConfigurationName = Release;
		};
		17DA9509222B6074002E2057 /* Build configuration list for PBXNativeTarget "Money.io" */ = {
			isa = XCConfigurationList;
			buildConfigurations = (
				17DA950A222B6074002E2057 /* Debug */,
				17DA950B222B6074002E2057 /* Release */,
			);
			defaultConfigurationIsVisible = 0;
			defaultConfigurationName = Release;
		};
		17DA950C222B6074002E2057 /* Build configuration list for PBXNativeTarget "Money.ioTests" */ = {
			isa = XCConfigurationList;
			buildConfigurations = (
				17DA950D222B6074002E2057 /* Debug */,
				17DA950E222B6074002E2057 /* Release */,
			);
			defaultConfigurationIsVisible = 0;
			defaultConfigurationName = Release;
		};
/* End XCConfigurationList section */

/* Begin XCVersionGroup section */
		17DA94F3222B6073002E2057 /* Money_io.xcdatamodeld */ = {
			isa = XCVersionGroup;
			children = (
				17DA94F4222B6073002E2057 /* Money_io.xcdatamodel */,
			);
			currentVersion = 17DA94F4222B6073002E2057 /* Money_io.xcdatamodel */;
			path = Money_io.xcdatamodeld;
			sourceTree = "<group>";
			versionGroupType = wrapper.xcdatamodel;
		};
/* End XCVersionGroup section */
	};
	rootObject = 17DA94E1222B6073002E2057 /* Project object */;
}
