// !$*UTF8*$!
{
	archiveVersion = 1;
	classes = {
	};
	objectVersion = 50;
	objects = {

/* Begin PBXBuildFile section */
		1713B2F12230EB3700CAE37B /* NotificationCenter.framework in Frameworks */ = {isa = PBXBuildFile; fileRef = 1713B2C82230E6AF00CAE37B /* NotificationCenter.framework */; };
		1713B2F42230EB3700CAE37B /* TodayViewController.swift in Sources */ = {isa = PBXBuildFile; fileRef = 1713B2F32230EB3700CAE37B /* TodayViewController.swift */; };
		1713B2F72230EB3700CAE37B /* MainInterface.storyboard in Resources */ = {isa = PBXBuildFile; fileRef = 1713B2F52230EB3700CAE37B /* MainInterface.storyboard */; };
		1713B2FB2230EB3700CAE37B /* Money Widget.appex in Embed App Extensions */ = {isa = PBXBuildFile; fileRef = 1713B2F02230EB3700CAE37B /* Money Widget.appex */; settings = {ATTRIBUTES = (RemoveHeadersOnCopy, ); }; };
		172A4D4E222F8AC100C18C97 /* PayBackAmountViewController.swift in Sources */ = {isa = PBXBuildFile; fileRef = 172A4D4D222F8AC100C18C97 /* PayBackAmountViewController.swift */; };
		17DA94ED222B6073002E2057 /* AppDelegate.swift in Sources */ = {isa = PBXBuildFile; fileRef = 17DA94EC222B6073002E2057 /* AppDelegate.swift */; };
		17DA94F2222B6073002E2057 /* Main.storyboard in Resources */ = {isa = PBXBuildFile; fileRef = 17DA94F0222B6073002E2057 /* Main.storyboard */; };
		17DA94F5222B6073002E2057 /* Money_io.xcdatamodeld in Sources */ = {isa = PBXBuildFile; fileRef = 17DA94F3222B6073002E2057 /* Money_io.xcdatamodeld */; };
		17DA94F7222B6074002E2057 /* Assets.xcassets in Resources */ = {isa = PBXBuildFile; fileRef = 17DA94F6222B6074002E2057 /* Assets.xcassets */; };
		17DA94FA222B6074002E2057 /* LaunchScreen.storyboard in Resources */ = {isa = PBXBuildFile; fileRef = 17DA94F8222B6074002E2057 /* LaunchScreen.storyboard */; };
		17DA9505222B6074002E2057 /* Money_ioTests.swift in Sources */ = {isa = PBXBuildFile; fileRef = 17DA9504222B6074002E2057 /* Money_ioTests.swift */; };
		17DA9510222B6160002E2057 /* GroupViewController.swift in Sources */ = {isa = PBXBuildFile; fileRef = 17DA950F222B6160002E2057 /* GroupViewController.swift */; };
		17DA9512222B6514002E2057 /* GroupMembersViewController.swift in Sources */ = {isa = PBXBuildFile; fileRef = 17DA9511222B6514002E2057 /* GroupMembersViewController.swift */; };
		17DA9514222B6675002E2057 /* User.swift in Sources */ = {isa = PBXBuildFile; fileRef = 17DA9513222B6675002E2057 /* User.swift */; };
		17DA9516222B67DA002E2057 /* Group.swift in Sources */ = {isa = PBXBuildFile; fileRef = 17DA9515222B67DA002E2057 /* Group.swift */; };
		17DA9518222B6E55002E2057 /* NewEditMemberViewController.swift in Sources */ = {isa = PBXBuildFile; fileRef = 17DA9517222B6E55002E2057 /* NewEditMemberViewController.swift */; };
		17EF6A2D222DF16A004534B9 /* GlobalVariables.swift in Sources */ = {isa = PBXBuildFile; fileRef = 17EF6A2C222DF16A004534B9 /* GlobalVariables.swift */; };
		17EF6A2F222E1F90004534B9 /* Calculations.swift in Sources */ = {isa = PBXBuildFile; fileRef = 17EF6A2E222E1F90004534B9 /* Calculations.swift */; };
		17F7A9782233C07D00360B68 /* Intents.intentdefinition in Sources */ = {isa = PBXBuildFile; fileRef = 17F7A9772233C07D00360B68 /* Intents.intentdefinition */; };
		17F7A9802233C73900360B68 /* IntentHandler.swift in Sources */ = {isa = PBXBuildFile; fileRef = 17F7A97F2233C73900360B68 /* IntentHandler.swift */; };
		17F7A9842233C73900360B68 /* TransactionIntents.appex in Embed App Extensions */ = {isa = PBXBuildFile; fileRef = 17F7A97D2233C73900360B68 /* TransactionIntents.appex */; settings = {ATTRIBUTES = (RemoveHeadersOnCopy, ); }; };
		17F7A9882233C79300360B68 /* Intents.intentdefinition in Sources */ = {isa = PBXBuildFile; fileRef = 17F7A9772233C07D00360B68 /* Intents.intentdefinition */; };
		17F7A98B2233CF8700360B68 /* NewTransactionViewController.swift in Sources */ = {isa = PBXBuildFile; fileRef = C8FCD142222C814300607F4D /* NewTransactionViewController.swift */; };
		17F7A98C2233D03100360B68 /* Group.swift in Sources */ = {isa = PBXBuildFile; fileRef = 17DA9515222B67DA002E2057 /* Group.swift */; };
		17F7A98D2233D03700360B68 /* User.swift in Sources */ = {isa = PBXBuildFile; fileRef = 17DA9513222B6675002E2057 /* User.swift */; };
		17F7A98E2233D04400360B68 /* Transaction.swift in Sources */ = {isa = PBXBuildFile; fileRef = C8FCD148222CB0A400607F4D /* Transaction.swift */; };
		17F7A98F2233D0E400360B68 /* PaidByViewController.swift in Sources */ = {isa = PBXBuildFile; fileRef = C8FCD144222C854800607F4D /* PaidByViewController.swift */; };
		17F7A9902233D0E800360B68 /* SplitBetweenViewController.swift in Sources */ = {isa = PBXBuildFile; fileRef = C8FCD146222C956F00607F4D /* SplitBetweenViewController.swift */; };
		17F7A99122346E4800360B68 /* GlobalVariables.swift in Sources */ = {isa = PBXBuildFile; fileRef = 17EF6A2C222DF16A004534B9 /* GlobalVariables.swift */; };
		17FD46F4222E432E00392D67 /* PayBackViewController.swift in Sources */ = {isa = PBXBuildFile; fileRef = 17FD46F3222E432E00392D67 /* PayBackViewController.swift */; };
		17FD46F6222E4D8C00392D67 /* PayBackTableViewCell.swift in Sources */ = {isa = PBXBuildFile; fileRef = 17FD46F5222E4D8C00392D67 /* PayBackTableViewCell.swift */; };
		C8FCD143222C814300607F4D /* NewTransactionViewController.swift in Sources */ = {isa = PBXBuildFile; fileRef = C8FCD142222C814300607F4D /* NewTransactionViewController.swift */; };
		C8FCD145222C854800607F4D /* PaidByViewController.swift in Sources */ = {isa = PBXBuildFile; fileRef = C8FCD144222C854800607F4D /* PaidByViewController.swift */; };
		C8FCD147222C956F00607F4D /* SplitBetweenViewController.swift in Sources */ = {isa = PBXBuildFile; fileRef = C8FCD146222C956F00607F4D /* SplitBetweenViewController.swift */; };
		C8FCD149222CB0A400607F4D /* Transaction.swift in Sources */ = {isa = PBXBuildFile; fileRef = C8FCD148222CB0A400607F4D /* Transaction.swift */; };
		C8FCD14B222CB50900607F4D /* TransactionTableViewCell.swift in Sources */ = {isa = PBXBuildFile; fileRef = C8FCD14A222CB50900607F4D /* TransactionTableViewCell.swift */; };
/* End PBXBuildFile section */

/* Begin PBXContainerItemProxy section */
		1713B2F92230EB3700CAE37B /* PBXContainerItemProxy */ = {
			isa = PBXContainerItemProxy;
			containerPortal = 17DA94E1222B6073002E2057 /* Project object */;
			proxyType = 1;
			remoteGlobalIDString = 1713B2EF2230EB3700CAE37B;
			remoteInfo = "Money Widget";
		};
		17DA9501222B6074002E2057 /* PBXContainerItemProxy */ = {
			isa = PBXContainerItemProxy;
			containerPortal = 17DA94E1222B6073002E2057 /* Project object */;
			proxyType = 1;
			remoteGlobalIDString = 17DA94E8222B6073002E2057;
			remoteInfo = Money.io;
		};
		17F7A9822233C73900360B68 /* PBXContainerItemProxy */ = {
			isa = PBXContainerItemProxy;
			containerPortal = 17DA94E1222B6073002E2057 /* Project object */;
			proxyType = 1;
			remoteGlobalIDString = 17F7A97C2233C73900360B68;
			remoteInfo = TransactionIntents;
		};
/* End PBXContainerItemProxy section */

/* Begin PBXCopyFilesBuildPhase section */
		1713B2D72230E6AF00CAE37B /* Embed App Extensions */ = {
			isa = PBXCopyFilesBuildPhase;
			buildActionMask = 2147483647;
			dstPath = "";
			dstSubfolderSpec = 13;
			files = (
				1713B2FB2230EB3700CAE37B /* Money Widget.appex in Embed App Extensions */,
				17F7A9842233C73900360B68 /* TransactionIntents.appex in Embed App Extensions */,
			);
			name = "Embed App Extensions";
			runOnlyForDeploymentPostprocessing = 0;
		};
/* End PBXCopyFilesBuildPhase section */

/* Begin PBXFileReference section */
		1713B2C82230E6AF00CAE37B /* NotificationCenter.framework */ = {isa = PBXFileReference; lastKnownFileType = wrapper.framework; name = NotificationCenter.framework; path = System/Library/Frameworks/NotificationCenter.framework; sourceTree = SDKROOT; };
		1713B2F02230EB3700CAE37B /* Money Widget.appex */ = {isa = PBXFileReference; explicitFileType = "wrapper.app-extension"; includeInIndex = 0; path = "Money Widget.appex"; sourceTree = BUILT_PRODUCTS_DIR; };
		1713B2F32230EB3700CAE37B /* TodayViewController.swift */ = {isa = PBXFileReference; lastKnownFileType = sourcecode.swift; path = TodayViewController.swift; sourceTree = "<group>"; };
		1713B2F62230EB3700CAE37B /* Base */ = {isa = PBXFileReference; lastKnownFileType = file.storyboard; name = Base; path = Base.lproj/MainInterface.storyboard; sourceTree = "<group>"; };
		1713B2F82230EB3700CAE37B /* Info.plist */ = {isa = PBXFileReference; lastKnownFileType = text.plist.xml; path = Info.plist; sourceTree = "<group>"; };
		172A4D4D222F8AC100C18C97 /* PayBackAmountViewController.swift */ = {isa = PBXFileReference; lastKnownFileType = sourcecode.swift; path = PayBackAmountViewController.swift; sourceTree = "<group>"; };
		17333E8622321151003CDB89 /* Money Widget.entitlements */ = {isa = PBXFileReference; lastKnownFileType = text.plist.entitlements; path = "Money Widget.entitlements"; sourceTree = "<group>"; };
		17333E87223213C3003CDB89 /* Money.io.entitlements */ = {isa = PBXFileReference; lastKnownFileType = text.plist.entitlements; path = Money.io.entitlements; sourceTree = "<group>"; };
		17DA94E9222B6073002E2057 /* Money.io.app */ = {isa = PBXFileReference; explicitFileType = wrapper.application; includeInIndex = 0; path = Money.io.app; sourceTree = BUILT_PRODUCTS_DIR; };
		17DA94EC222B6073002E2057 /* AppDelegate.swift */ = {isa = PBXFileReference; lastKnownFileType = sourcecode.swift; path = AppDelegate.swift; sourceTree = "<group>"; };
		17DA94F1222B6073002E2057 /* Base */ = {isa = PBXFileReference; lastKnownFileType = file.storyboard; name = Base; path = Base.lproj/Main.storyboard; sourceTree = "<group>"; };
		17DA94F4222B6073002E2057 /* Money_io.xcdatamodel */ = {isa = PBXFileReference; lastKnownFileType = wrapper.xcdatamodel; path = Money_io.xcdatamodel; sourceTree = "<group>"; };
		17DA94F6222B6074002E2057 /* Assets.xcassets */ = {isa = PBXFileReference; lastKnownFileType = folder.assetcatalog; path = Assets.xcassets; sourceTree = "<group>"; };
		17DA94F9222B6074002E2057 /* Base */ = {isa = PBXFileReference; lastKnownFileType = file.storyboard; name = Base; path = Base.lproj/LaunchScreen.storyboard; sourceTree = "<group>"; };
		17DA94FB222B6074002E2057 /* Info.plist */ = {isa = PBXFileReference; lastKnownFileType = text.plist.xml; path = Info.plist; sourceTree = "<group>"; };
		17DA9500222B6074002E2057 /* Money.ioTests.xctest */ = {isa = PBXFileReference; explicitFileType = wrapper.cfbundle; includeInIndex = 0; path = Money.ioTests.xctest; sourceTree = BUILT_PRODUCTS_DIR; };
		17DA9504222B6074002E2057 /* Money_ioTests.swift */ = {isa = PBXFileReference; lastKnownFileType = sourcecode.swift; path = Money_ioTests.swift; sourceTree = "<group>"; };
		17DA9506222B6074002E2057 /* Info.plist */ = {isa = PBXFileReference; lastKnownFileType = text.plist.xml; path = Info.plist; sourceTree = "<group>"; };
		17DA950F222B6160002E2057 /* GroupViewController.swift */ = {isa = PBXFileReference; lastKnownFileType = sourcecode.swift; path = GroupViewController.swift; sourceTree = "<group>"; };
		17DA9511222B6514002E2057 /* GroupMembersViewController.swift */ = {isa = PBXFileReference; lastKnownFileType = sourcecode.swift; path = GroupMembersViewController.swift; sourceTree = "<group>"; };
		17DA9513222B6675002E2057 /* User.swift */ = {isa = PBXFileReference; lastKnownFileType = sourcecode.swift; path = User.swift; sourceTree = "<group>"; };
		17DA9515222B67DA002E2057 /* Group.swift */ = {isa = PBXFileReference; lastKnownFileType = sourcecode.swift; path = Group.swift; sourceTree = "<group>"; };
		17DA9517222B6E55002E2057 /* NewEditMemberViewController.swift */ = {isa = PBXFileReference; lastKnownFileType = sourcecode.swift; path = NewEditMemberViewController.swift; sourceTree = "<group>"; };
		17EF6A2C222DF16A004534B9 /* GlobalVariables.swift */ = {isa = PBXFileReference; lastKnownFileType = sourcecode.swift; path = GlobalVariables.swift; sourceTree = "<group>"; };
		17EF6A2E222E1F90004534B9 /* Calculations.swift */ = {isa = PBXFileReference; lastKnownFileType = sourcecode.swift; path = Calculations.swift; sourceTree = "<group>"; };
		17F7A9772233C07D00360B68 /* Intents.intentdefinition */ = {isa = PBXFileReference; lastKnownFileType = file.intentdefinition; path = Intents.intentdefinition; sourceTree = "<group>"; };
		17F7A97D2233C73900360B68 /* TransactionIntents.appex */ = {isa = PBXFileReference; explicitFileType = "wrapper.app-extension"; includeInIndex = 0; path = TransactionIntents.appex; sourceTree = BUILT_PRODUCTS_DIR; };
		17F7A97F2233C73900360B68 /* IntentHandler.swift */ = {isa = PBXFileReference; lastKnownFileType = sourcecode.swift; path = IntentHandler.swift; sourceTree = "<group>"; };
		17F7A9812233C73900360B68 /* Info.plist */ = {isa = PBXFileReference; lastKnownFileType = text.plist.xml; path = Info.plist; sourceTree = "<group>"; };
		17F7A9892233CE9C00360B68 /* TransactionIntents.entitlements */ = {isa = PBXFileReference; lastKnownFileType = text.plist.entitlements; path = TransactionIntents.entitlements; sourceTree = "<group>"; };
		17FD46F3222E432E00392D67 /* PayBackViewController.swift */ = {isa = PBXFileReference; lastKnownFileType = sourcecode.swift; path = PayBackViewController.swift; sourceTree = "<group>"; };
		17FD46F5222E4D8C00392D67 /* PayBackTableViewCell.swift */ = {isa = PBXFileReference; lastKnownFileType = sourcecode.swift; path = PayBackTableViewCell.swift; sourceTree = "<group>"; };
		C8FCD142222C814300607F4D /* NewTransactionViewController.swift */ = {isa = PBXFileReference; lastKnownFileType = sourcecode.swift; path = NewTransactionViewController.swift; sourceTree = "<group>"; };
		C8FCD144222C854800607F4D /* PaidByViewController.swift */ = {isa = PBXFileReference; lastKnownFileType = sourcecode.swift; path = PaidByViewController.swift; sourceTree = "<group>"; };
		C8FCD146222C956F00607F4D /* SplitBetweenViewController.swift */ = {isa = PBXFileReference; lastKnownFileType = sourcecode.swift; path = SplitBetweenViewController.swift; sourceTree = "<group>"; };
		C8FCD148222CB0A400607F4D /* Transaction.swift */ = {isa = PBXFileReference; lastKnownFileType = sourcecode.swift; path = Transaction.swift; sourceTree = "<group>"; };
		C8FCD14A222CB50900607F4D /* TransactionTableViewCell.swift */ = {isa = PBXFileReference; lastKnownFileType = sourcecode.swift; path = TransactionTableViewCell.swift; sourceTree = "<group>"; };
/* End PBXFileReference section */

/* Begin PBXFrameworksBuildPhase section */
		1713B2ED2230EB3700CAE37B /* Frameworks */ = {
			isa = PBXFrameworksBuildPhase;
			buildActionMask = 2147483647;
			files = (
				1713B2F12230EB3700CAE37B /* NotificationCenter.framework in Frameworks */,
			);
			runOnlyForDeploymentPostprocessing = 0;
		};
		17DA94E6222B6073002E2057 /* Frameworks */ = {
			isa = PBXFrameworksBuildPhase;
			buildActionMask = 2147483647;
			files = (
			);
			runOnlyForDeploymentPostprocessing = 0;
		};
		17DA94FD222B6074002E2057 /* Frameworks */ = {
			isa = PBXFrameworksBuildPhase;
			buildActionMask = 2147483647;
			files = (
			);
			runOnlyForDeploymentPostprocessing = 0;
		};
		17F7A97A2233C73900360B68 /* Frameworks */ = {
			isa = PBXFrameworksBuildPhase;
			buildActionMask = 2147483647;
			files = (
			);
			runOnlyForDeploymentPostprocessing = 0;
		};
/* End PBXFrameworksBuildPhase section */

/* Begin PBXGroup section */
		1713B2C72230E6AF00CAE37B /* Frameworks */ = {
			isa = PBXGroup;
			children = (
				1713B2C82230E6AF00CAE37B /* NotificationCenter.framework */,
			);
			name = Frameworks;
			sourceTree = "<group>";
		};
		1713B2F22230EB3700CAE37B /* Money Widget */ = {
			isa = PBXGroup;
			children = (
				17333E8622321151003CDB89 /* Money Widget.entitlements */,
				1713B2F32230EB3700CAE37B /* TodayViewController.swift */,
				1713B2F52230EB3700CAE37B /* MainInterface.storyboard */,
				1713B2F82230EB3700CAE37B /* Info.plist */,
			);
			path = "Money Widget";
			sourceTree = "<group>";
		};
		17DA94E0222B6073002E2057 = {
			isa = PBXGroup;
			children = (
				17DA94EB222B6073002E2057 /* Money.io */,
				17DA9503222B6074002E2057 /* Money.ioTests */,
				1713B2F22230EB3700CAE37B /* Money Widget */,
				17F7A97E2233C73900360B68 /* TransactionIntents */,
				1713B2C72230E6AF00CAE37B /* Frameworks */,
				17DA94EA222B6073002E2057 /* Products */,
			);
			sourceTree = "<group>";
		};
		17DA94EA222B6073002E2057 /* Products */ = {
			isa = PBXGroup;
			children = (
				17DA94E9222B6073002E2057 /* Money.io.app */,
				17DA9500222B6074002E2057 /* Money.ioTests.xctest */,
				1713B2F02230EB3700CAE37B /* Money Widget.appex */,
				17F7A97D2233C73900360B68 /* TransactionIntents.appex */,
			);
			name = Products;
			sourceTree = "<group>";
		};
		17DA94EB222B6073002E2057 /* Money.io */ = {
			isa = PBXGroup;
			children = (
				17333E87223213C3003CDB89 /* Money.io.entitlements */,
				17DA94EC222B6073002E2057 /* AppDelegate.swift */,
				17DA94F0222B6073002E2057 /* Main.storyboard */,
				17DA950F222B6160002E2057 /* GroupViewController.swift */,
				17FD46F3222E432E00392D67 /* PayBackViewController.swift */,
				172A4D4D222F8AC100C18C97 /* PayBackAmountViewController.swift */,
				17DA9511222B6514002E2057 /* GroupMembersViewController.swift */,
				17DA9517222B6E55002E2057 /* NewEditMemberViewController.swift */,
				C8FCD142222C814300607F4D /* NewTransactionViewController.swift */,
				C8FCD144222C854800607F4D /* PaidByViewController.swift */,
				C8FCD146222C956F00607F4D /* SplitBetweenViewController.swift */,
				17EF6A2C222DF16A004534B9 /* GlobalVariables.swift */,
				17DA9513222B6675002E2057 /* User.swift */,
				17EF6A2E222E1F90004534B9 /* Calculations.swift */,
				17DA9515222B67DA002E2057 /* Group.swift */,
				C8FCD148222CB0A400607F4D /* Transaction.swift */,
				C8FCD14A222CB50900607F4D /* TransactionTableViewCell.swift */,
				17FD46F5222E4D8C00392D67 /* PayBackTableViewCell.swift */,
				17DA94F6222B6074002E2057 /* Assets.xcassets */,
				17DA94F8222B6074002E2057 /* LaunchScreen.storyboard */,
				17DA94FB222B6074002E2057 /* Info.plist */,
				17DA94F3222B6073002E2057 /* Money_io.xcdatamodeld */,
				17F7A9772233C07D00360B68 /* Intents.intentdefinition */,
			);
			path = Money.io;
			sourceTree = "<group>";
		};
		17DA9503222B6074002E2057 /* Money.ioTests */ = {
			isa = PBXGroup;
			children = (
				17DA9504222B6074002E2057 /* Money_ioTests.swift */,
				17DA9506222B6074002E2057 /* Info.plist */,
			);
			path = Money.ioTests;
			sourceTree = "<group>";
		};
		17F7A97E2233C73900360B68 /* TransactionIntents */ = {
			isa = PBXGroup;
			children = (
				17F7A9892233CE9C00360B68 /* TransactionIntents.entitlements */,
				17F7A97F2233C73900360B68 /* IntentHandler.swift */,
				17F7A9812233C73900360B68 /* Info.plist */,
			);
			path = TransactionIntents;
			sourceTree = "<group>";
		};
/* End PBXGroup section */

/* Begin PBXNativeTarget section */
		1713B2EF2230EB3700CAE37B /* Money Widget */ = {
			isa = PBXNativeTarget;
			buildConfigurationList = 1713B2FC2230EB3700CAE37B /* Build configuration list for PBXNativeTarget "Money Widget" */;
			buildPhases = (
				1713B2EC2230EB3700CAE37B /* Sources */,
				1713B2ED2230EB3700CAE37B /* Frameworks */,
				1713B2EE2230EB3700CAE37B /* Resources */,
			);
			buildRules = (
			);
			dependencies = (
			);
			name = "Money Widget";
			productName = "Money Widget";
			productReference = 1713B2F02230EB3700CAE37B /* Money Widget.appex */;
			productType = "com.apple.product-type.app-extension";
		};
		17DA94E8222B6073002E2057 /* Money.io */ = {
			isa = PBXNativeTarget;
			buildConfigurationList = 17DA9509222B6074002E2057 /* Build configuration list for PBXNativeTarget "Money.io" */;
			buildPhases = (
				17DA94E5222B6073002E2057 /* Sources */,
				17DA94E6222B6073002E2057 /* Frameworks */,
				17DA94E7222B6073002E2057 /* Resources */,
				1713B2D72230E6AF00CAE37B /* Embed App Extensions */,
			);
			buildRules = (
			);
			dependencies = (
				1713B2FA2230EB3700CAE37B /* PBXTargetDependency */,
				17F7A9832233C73900360B68 /* PBXTargetDependency */,
			);
			name = Money.io;
			productName = Money.io;
			productReference = 17DA94E9222B6073002E2057 /* Money.io.app */;
			productType = "com.apple.product-type.application";
		};
		17DA94FF222B6074002E2057 /* Money.ioTests */ = {
			isa = PBXNativeTarget;
			buildConfigurationList = 17DA950C222B6074002E2057 /* Build configuration list for PBXNativeTarget "Money.ioTests" */;
			buildPhases = (
				17DA94FC222B6074002E2057 /* Sources */,
				17DA94FD222B6074002E2057 /* Frameworks */,
				17DA94FE222B6074002E2057 /* Resources */,
			);
			buildRules = (
			);
			dependencies = (
				17DA9502222B6074002E2057 /* PBXTargetDependency */,
			);
			name = Money.ioTests;
			productName = Money.ioTests;
			productReference = 17DA9500222B6074002E2057 /* Money.ioTests.xctest */;
			productType = "com.apple.product-type.bundle.unit-test";
		};
		17F7A97C2233C73900360B68 /* TransactionIntents */ = {
			isa = PBXNativeTarget;
			buildConfigurationList = 17F7A9852233C73900360B68 /* Build configuration list for PBXNativeTarget "TransactionIntents" */;
			buildPhases = (
				17F7A9792233C73900360B68 /* Sources */,
				17F7A97A2233C73900360B68 /* Frameworks */,
				17F7A97B2233C73900360B68 /* Resources */,
			);
			buildRules = (
			);
			dependencies = (
			);
			name = TransactionIntents;
			productName = TransactionIntents;
			productReference = 17F7A97D2233C73900360B68 /* TransactionIntents.appex */;
			productType = "com.apple.product-type.app-extension";
		};
/* End PBXNativeTarget section */

/* Begin PBXProject section */
		17DA94E1222B6073002E2057 /* Project object */ = {
			isa = PBXProject;
			attributes = {
				LastSwiftUpdateCheck = 1010;
				LastUpgradeCheck = 1010;
				ORGANIZATIONNAME = "Matthew Chan";
				TargetAttributes = {
					1713B2EF2230EB3700CAE37B = {
						CreatedOnToolsVersion = 10.1;
						SystemCapabilities = {
							com.apple.ApplicationGroups.iOS = {
								enabled = 1;
							};
						};
					};
					17DA94E8222B6073002E2057 = {
						CreatedOnToolsVersion = 10.1;
						SystemCapabilities = {
							com.apple.ApplicationGroups.iOS = {
								enabled = 1;
							};
						};
					};
					17DA94FF222B6074002E2057 = {
						CreatedOnToolsVersion = 10.1;
						TestTargetID = 17DA94E8222B6073002E2057;
					};
					17F7A97C2233C73900360B68 = {
						CreatedOnToolsVersion = 10.1;
						SystemCapabilities = {
							com.apple.ApplicationGroups.iOS = {
								enabled = 0;
							};
						};
					};
				};
			};
			buildConfigurationList = 17DA94E4222B6073002E2057 /* Build configuration list for PBXProject "Money.io" */;
			compatibilityVersion = "Xcode 9.3";
			developmentRegion = en;
			hasScannedForEncodings = 0;
			knownRegions = (
				en,
				Base,
			);
			mainGroup = 17DA94E0222B6073002E2057;
			productRefGroup = 17DA94EA222B6073002E2057 /* Products */;
			projectDirPath = "";
			projectRoot = "";
			targets = (
				17DA94E8222B6073002E2057 /* Money.io */,
				17DA94FF222B6074002E2057 /* Money.ioTests */,
				1713B2EF2230EB3700CAE37B /* Money Widget */,
				17F7A97C2233C73900360B68 /* TransactionIntents */,
			);
		};
/* End PBXProject section */

/* Begin PBXResourcesBuildPhase section */
		1713B2EE2230EB3700CAE37B /* Resources */ = {
			isa = PBXResourcesBuildPhase;
			buildActionMask = 2147483647;
			files = (
				1713B2F72230EB3700CAE37B /* MainInterface.storyboard in Resources */,
			);
			runOnlyForDeploymentPostprocessing = 0;
		};
		17DA94E7222B6073002E2057 /* Resources */ = {
			isa = PBXResourcesBuildPhase;
			buildActionMask = 2147483647;
			files = (
				17DA94FA222B6074002E2057 /* LaunchScreen.storyboard in Resources */,
				17DA94F7222B6074002E2057 /* Assets.xcassets in Resources */,
				17DA94F2222B6073002E2057 /* Main.storyboard in Resources */,
			);
			runOnlyForDeploymentPostprocessing = 0;
		};
		17DA94FE222B6074002E2057 /* Resources */ = {
			isa = PBXResourcesBuildPhase;
			buildActionMask = 2147483647;
			files = (
			);
			runOnlyForDeploymentPostprocessing = 0;
		};
		17F7A97B2233C73900360B68 /* Resources */ = {
			isa = PBXResourcesBuildPhase;
			buildActionMask = 2147483647;
			files = (
			);
			runOnlyForDeploymentPostprocessing = 0;
		};
/* End PBXResourcesBuildPhase section */

/* Begin PBXSourcesBuildPhase section */
		1713B2EC2230EB3700CAE37B /* Sources */ = {
			isa = PBXSourcesBuildPhase;
			buildActionMask = 2147483647;
			files = (
				1713B2F42230EB3700CAE37B /* TodayViewController.swift in Sources */,
			);
			runOnlyForDeploymentPostprocessing = 0;
		};
		17DA94E5222B6073002E2057 /* Sources */ = {
			isa = PBXSourcesBuildPhase;
			buildActionMask = 2147483647;
			files = (
				C8FCD149222CB0A400607F4D /* Transaction.swift in Sources */,
				17FD46F4222E432E00392D67 /* PayBackViewController.swift in Sources */,
				C8FCD145222C854800607F4D /* PaidByViewController.swift in Sources */,
				17FD46F6222E4D8C00392D67 /* PayBackTableViewCell.swift in Sources */,
				17DA9518222B6E55002E2057 /* NewEditMemberViewController.swift in Sources */,
				C8FCD147222C956F00607F4D /* SplitBetweenViewController.swift in Sources */,
				17DA9512222B6514002E2057 /* GroupMembersViewController.swift in Sources */,
				17DA9510222B6160002E2057 /* GroupViewController.swift in Sources */,
				17DA94ED222B6073002E2057 /* AppDelegate.swift in Sources */,
				C8FCD143222C814300607F4D /* NewTransactionViewController.swift in Sources */,
				17EF6A2D222DF16A004534B9 /* GlobalVariables.swift in Sources */,
				17DA9516222B67DA002E2057 /* Group.swift in Sources */,
				17F7A9782233C07D00360B68 /* Intents.intentdefinition in Sources */,
				17DA9514222B6675002E2057 /* User.swift in Sources */,
				17EF6A2F222E1F90004534B9 /* Calculations.swift in Sources */,
				C8FCD14B222CB50900607F4D /* TransactionTableViewCell.swift in Sources */,
				17DA94F5222B6073002E2057 /* Money_io.xcdatamodeld in Sources */,
				172A4D4E222F8AC100C18C97 /* PayBackAmountViewController.swift in Sources */,
			);
			runOnlyForDeploymentPostprocessing = 0;
		};
		17DA94FC222B6074002E2057 /* Sources */ = {
			isa = PBXSourcesBuildPhase;
			buildActionMask = 2147483647;
			files = (
				17DA9505222B6074002E2057 /* Money_ioTests.swift in Sources */,
			);
			runOnlyForDeploymentPostprocessing = 0;
		};
		17F7A9792233C73900360B68 /* Sources */ = {
			isa = PBXSourcesBuildPhase;
			buildActionMask = 2147483647;
			files = (
				17F7A9902233D0E800360B68 /* SplitBetweenViewController.swift in Sources */,
				17F7A9882233C79300360B68 /* Intents.intentdefinition in Sources */,
				17F7A9802233C73900360B68 /* IntentHandler.swift in Sources */,
				17F7A99122346E4800360B68 /* GlobalVariables.swift in Sources */,
				17F7A98E2233D04400360B68 /* Transaction.swift in Sources */,
				17F7A98B2233CF8700360B68 /* NewTransactionViewController.swift in Sources */,
				17F7A98F2233D0E400360B68 /* PaidByViewController.swift in Sources */,
				17F7A98D2233D03700360B68 /* User.swift in Sources */,
				17F7A98C2233D03100360B68 /* Group.swift in Sources */,
			);
			runOnlyForDeploymentPostprocessing = 0;
		};
/* End PBXSourcesBuildPhase section */

/* Begin PBXTargetDependency section */
		1713B2FA2230EB3700CAE37B /* PBXTargetDependency */ = {
			isa = PBXTargetDependency;
			target = 1713B2EF2230EB3700CAE37B /* Money Widget */;
			targetProxy = 1713B2F92230EB3700CAE37B /* PBXContainerItemProxy */;
		};
		17DA9502222B6074002E2057 /* PBXTargetDependency */ = {
			isa = PBXTargetDependency;
			target = 17DA94E8222B6073002E2057 /* Money.io */;
			targetProxy = 17DA9501222B6074002E2057 /* PBXContainerItemProxy */;
		};
		17F7A9832233C73900360B68 /* PBXTargetDependency */ = {
			isa = PBXTargetDependency;
			target = 17F7A97C2233C73900360B68 /* TransactionIntents */;
			targetProxy = 17F7A9822233C73900360B68 /* PBXContainerItemProxy */;
		};
/* End PBXTargetDependency section */

/* Begin PBXVariantGroup section */
		1713B2F52230EB3700CAE37B /* MainInterface.storyboard */ = {
			isa = PBXVariantGroup;
			children = (
				1713B2F62230EB3700CAE37B /* Base */,
			);
			name = MainInterface.storyboard;
			sourceTree = "<group>";
		};
		17DA94F0222B6073002E2057 /* Main.storyboard */ = {
			isa = PBXVariantGroup;
			children = (
				17DA94F1222B6073002E2057 /* Base */,
			);
			name = Main.storyboard;
			sourceTree = "<group>";
		};
		17DA94F8222B6074002E2057 /* LaunchScreen.storyboard */ = {
			isa = PBXVariantGroup;
			children = (
				17DA94F9222B6074002E2057 /* Base */,
			);
			name = LaunchScreen.storyboard;
			sourceTree = "<group>";
		};
/* End PBXVariantGroup section */

/* Begin XCBuildConfiguration section */
		1713B2FD2230EB3700CAE37B /* Debug */ = {
			isa = XCBuildConfiguration;
			buildSettings = {
				CODE_SIGN_ENTITLEMENTS = "Money Widget/Money Widget.entitlements";
				CODE_SIGN_STYLE = Automatic;
				DEVELOPMENT_TEAM = X3GKR9NFG3;
				INFOPLIST_FILE = "Money Widget/Info.plist";
				LD_RUNPATH_SEARCH_PATHS = (
					"$(inherited)",
					"@executable_path/Frameworks",
					"@executable_path/../../Frameworks",
				);
				PRODUCT_BUNDLE_IDENTIFIER = "com.MatthewChan.Money-io.Money-Widget";
				PRODUCT_NAME = "$(TARGET_NAME)";
				SKIP_INSTALL = YES;
				SWIFT_VERSION = 4.2;
				TARGETED_DEVICE_FAMILY = "1,2";
			};
			name = Debug;
		};
		1713B2FE2230EB3700CAE37B /* Release */ = {
			isa = XCBuildConfiguration;
			buildSettings = {
				CODE_SIGN_ENTITLEMENTS = "Money Widget/Money Widget.entitlements";
				CODE_SIGN_STYLE = Automatic;
				DEVELOPMENT_TEAM = X3GKR9NFG3;
				INFOPLIST_FILE = "Money Widget/Info.plist";
				LD_RUNPATH_SEARCH_PATHS = (
					"$(inherited)",
					"@executable_path/Frameworks",
					"@executable_path/../../Frameworks",
				);
				PRODUCT_BUNDLE_IDENTIFIER = "com.MatthewChan.Money-io.Money-Widget";
				PRODUCT_NAME = "$(TARGET_NAME)";
				SKIP_INSTALL = YES;
				SWIFT_VERSION = 4.2;
				TARGETED_DEVICE_FAMILY = "1,2";
			};
			name = Release;
		};
		17DA9507222B6074002E2057 /* Debug */ = {
			isa = XCBuildConfiguration;
			buildSettings = {
				ALWAYS_SEARCH_USER_PATHS = NO;
				CLANG_ANALYZER_NONNULL = YES;
				CLANG_ANALYZER_NUMBER_OBJECT_CONVERSION = YES_AGGRESSIVE;
				CLANG_CXX_LANGUAGE_STANDARD = "gnu++14";
				CLANG_CXX_LIBRARY = "libc++";
				CLANG_ENABLE_MODULES = YES;
				CLANG_ENABLE_OBJC_ARC = YES;
				CLANG_ENABLE_OBJC_WEAK = YES;
				CLANG_WARN_BLOCK_CAPTURE_AUTORELEASING = YES;
				CLANG_WARN_BOOL_CONVERSION = YES;
				CLANG_WARN_COMMA = YES;
				CLANG_WARN_CONSTANT_CONVERSION = YES;
				CLANG_WARN_DEPRECATED_OBJC_IMPLEMENTATIONS = YES;
				CLANG_WARN_DIRECT_OBJC_ISA_USAGE = YES_ERROR;
				CLANG_WARN_DOCUMENTATION_COMMENTS = YES;
				CLANG_WARN_EMPTY_BODY = YES;
				CLANG_WARN_ENUM_CONVERSION = YES;
				CLANG_WARN_INFINITE_RECURSION = YES;
				CLANG_WARN_INT_CONVERSION = YES;
				CLANG_WARN_NON_LITERAL_NULL_CONVERSION = YES;
				CLANG_WARN_OBJC_IMPLICIT_RETAIN_SELF = YES;
				CLANG_WARN_OBJC_LITERAL_CONVERSION = YES;
				CLANG_WARN_OBJC_ROOT_CLASS = YES_ERROR;
				CLANG_WARN_RANGE_LOOP_ANALYSIS = YES;
				CLANG_WARN_STRICT_PROTOTYPES = YES;
				CLANG_WARN_SUSPICIOUS_MOVE = YES;
				CLANG_WARN_UNGUARDED_AVAILABILITY = YES_AGGRESSIVE;
				CLANG_WARN_UNREACHABLE_CODE = YES;
				CLANG_WARN__DUPLICATE_METHOD_MATCH = YES;
				CODE_SIGN_IDENTITY = "iPhone Developer";
				COPY_PHASE_STRIP = NO;
				DEBUG_INFORMATION_FORMAT = dwarf;
				ENABLE_STRICT_OBJC_MSGSEND = YES;
				ENABLE_TESTABILITY = YES;
				GCC_C_LANGUAGE_STANDARD = gnu11;
				GCC_DYNAMIC_NO_PIC = NO;
				GCC_NO_COMMON_BLOCKS = YES;
				GCC_OPTIMIZATION_LEVEL = 0;
				GCC_PREPROCESSOR_DEFINITIONS = (
					"DEBUG=1",
					"$(inherited)",
				);
				GCC_WARN_64_TO_32_BIT_CONVERSION = YES;
				GCC_WARN_ABOUT_RETURN_TYPE = YES_ERROR;
				GCC_WARN_UNDECLARED_SELECTOR = YES;
				GCC_WARN_UNINITIALIZED_AUTOS = YES_AGGRESSIVE;
				GCC_WARN_UNUSED_FUNCTION = YES;
				GCC_WARN_UNUSED_VARIABLE = YES;
				IPHONEOS_DEPLOYMENT_TARGET = 12.1;
				MTL_ENABLE_DEBUG_INFO = INCLUDE_SOURCE;
				MTL_FAST_MATH = YES;
				ONLY_ACTIVE_ARCH = YES;
				SDKROOT = iphoneos;
				SWIFT_ACTIVE_COMPILATION_CONDITIONS = DEBUG;
				SWIFT_OPTIMIZATION_LEVEL = "-Onone";
			};
			name = Debug;
		};
		17DA9508222B6074002E2057 /* Release */ = {
			isa = XCBuildConfiguration;
			buildSettings = {
				ALWAYS_SEARCH_USER_PATHS = NO;
				CLANG_ANALYZER_NONNULL = YES;
				CLANG_ANALYZER_NUMBER_OBJECT_CONVERSION = YES_AGGRESSIVE;
				CLANG_CXX_LANGUAGE_STANDARD = "gnu++14";
				CLANG_CXX_LIBRARY = "libc++";
				CLANG_ENABLE_MODULES = YES;
				CLANG_ENABLE_OBJC_ARC = YES;
				CLANG_ENABLE_OBJC_WEAK = YES;
				CLANG_WARN_BLOCK_CAPTURE_AUTORELEASING = YES;
				CLANG_WARN_BOOL_CONVERSION = YES;
				CLANG_WARN_COMMA = YES;
				CLANG_WARN_CONSTANT_CONVERSION = YES;
				CLANG_WARN_DEPRECATED_OBJC_IMPLEMENTATIONS = YES;
				CLANG_WARN_DIRECT_OBJC_ISA_USAGE = YES_ERROR;
				CLANG_WARN_DOCUMENTATION_COMMENTS = YES;
				CLANG_WARN_EMPTY_BODY = YES;
				CLANG_WARN_ENUM_CONVERSION = YES;
				CLANG_WARN_INFINITE_RECURSION = YES;
				CLANG_WARN_INT_CONVERSION = YES;
				CLANG_WARN_NON_LITERAL_NULL_CONVERSION = YES;
				CLANG_WARN_OBJC_IMPLICIT_RETAIN_SELF = YES;
				CLANG_WARN_OBJC_LITERAL_CONVERSION = YES;
				CLANG_WARN_OBJC_ROOT_CLASS = YES_ERROR;
				CLANG_WARN_RANGE_LOOP_ANALYSIS = YES;
				CLANG_WARN_STRICT_PROTOTYPES = YES;
				CLANG_WARN_SUSPICIOUS_MOVE = YES;
				CLANG_WARN_UNGUARDED_AVAILABILITY = YES_AGGRESSIVE;
				CLANG_WARN_UNREACHABLE_CODE = YES;
				CLANG_WARN__DUPLICATE_METHOD_MATCH = YES;
				CODE_SIGN_IDENTITY = "iPhone Developer";
				COPY_PHASE_STRIP = NO;
				DEBUG_INFORMATION_FORMAT = "dwarf-with-dsym";
				ENABLE_NS_ASSERTIONS = NO;
				ENABLE_STRICT_OBJC_MSGSEND = YES;
				GCC_C_LANGUAGE_STANDARD = gnu11;
				GCC_NO_COMMON_BLOCKS = YES;
				GCC_WARN_64_TO_32_BIT_CONVERSION = YES;
				GCC_WARN_ABOUT_RETURN_TYPE = YES_ERROR;
				GCC_WARN_UNDECLARED_SELECTOR = YES;
				GCC_WARN_UNINITIALIZED_AUTOS = YES_AGGRESSIVE;
				GCC_WARN_UNUSED_FUNCTION = YES;
				GCC_WARN_UNUSED_VARIABLE = YES;
				IPHONEOS_DEPLOYMENT_TARGET = 12.1;
				MTL_ENABLE_DEBUG_INFO = NO;
				MTL_FAST_MATH = YES;
				SDKROOT = iphoneos;
				SWIFT_COMPILATION_MODE = wholemodule;
				SWIFT_OPTIMIZATION_LEVEL = "-O";
				VALIDATE_PRODUCT = YES;
			};
			name = Release;
		};
		17DA950A222B6074002E2057 /* Debug */ = {
			isa = XCBuildConfiguration;
			buildSettings = {
				ALWAYS_EMBED_SWIFT_STANDARD_LIBRARIES = YES;
				ASSETCATALOG_COMPILER_APPICON_NAME = AppIcon;
				CODE_SIGN_ENTITLEMENTS = Money.io/Money.io.entitlements;
				CODE_SIGN_STYLE = Automatic;
				DEVELOPMENT_TEAM = X3GKR9NFG3;
				INFOPLIST_FILE = Money.io/Info.plist;
				LD_RUNPATH_SEARCH_PATHS = (
					"$(inherited)",
					"@executable_path/Frameworks",
				);
				PRODUCT_BUNDLE_IDENTIFIER = "com.MatthewChan.Money-io";
				PRODUCT_NAME = "$(TARGET_NAME)";
				SWIFT_VERSION = 4.2;
				TARGETED_DEVICE_FAMILY = "1,2";
			};
			name = Debug;
		};
		17DA950B222B6074002E2057 /* Release */ = {
			isa = XCBuildConfiguration;
			buildSettings = {
				ALWAYS_EMBED_SWIFT_STANDARD_LIBRARIES = YES;
				ASSETCATALOG_COMPILER_APPICON_NAME = AppIcon;
				CODE_SIGN_ENTITLEMENTS = Money.io/Money.io.entitlements;
				CODE_SIGN_STYLE = Automatic;
				DEVELOPMENT_TEAM = X3GKR9NFG3;
				INFOPLIST_FILE = Money.io/Info.plist;
				LD_RUNPATH_SEARCH_PATHS = (
					"$(inherited)",
					"@executable_path/Frameworks",
				);
				PRODUCT_BUNDLE_IDENTIFIER = "com.MatthewChan.Money-io";
				PRODUCT_NAME = "$(TARGET_NAME)";
				SWIFT_VERSION = 4.2;
				TARGETED_DEVICE_FAMILY = "1,2";
			};
			name = Release;
		};
		17DA950D222B6074002E2057 /* Debug */ = {
			isa = XCBuildConfiguration;
			buildSettings = {
				ALWAYS_EMBED_SWIFT_STANDARD_LIBRARIES = YES;
				BUNDLE_LOADER = "$(TEST_HOST)";
				CODE_SIGN_STYLE = Automatic;
				DEVELOPMENT_TEAM = X3GKR9NFG3;
				INFOPLIST_FILE = Money.ioTests/Info.plist;
				LD_RUNPATH_SEARCH_PATHS = (
					"$(inherited)",
					"@executable_path/Frameworks",
					"@loader_path/Frameworks",
				);
				PRODUCT_BUNDLE_IDENTIFIER = "com.MatthewChan.Money-ioTests";
				PRODUCT_NAME = "$(TARGET_NAME)";
				SWIFT_VERSION = 4.2;
				TARGETED_DEVICE_FAMILY = "1,2";
				TEST_HOST = "$(BUILT_PRODUCTS_DIR)/Money.io.app/Money.io";
			};
			name = Debug;
		};
		17DA950E222B6074002E2057 /* Release */ = {
			isa = XCBuildConfiguration;
			buildSettings = {
				ALWAYS_EMBED_SWIFT_STANDARD_LIBRARIES = YES;
				BUNDLE_LOADER = "$(TEST_HOST)";
				CODE_SIGN_STYLE = Automatic;
				DEVELOPMENT_TEAM = X3GKR9NFG3;
				INFOPLIST_FILE = Money.ioTests/Info.plist;
				LD_RUNPATH_SEARCH_PATHS = (
					"$(inherited)",
					"@executable_path/Frameworks",
					"@loader_path/Frameworks",
				);
				PRODUCT_BUNDLE_IDENTIFIER = "com.MatthewChan.Money-ioTests";
				PRODUCT_NAME = "$(TARGET_NAME)";
				SWIFT_VERSION = 4.2;
				TARGETED_DEVICE_FAMILY = "1,2";
				TEST_HOST = "$(BUILT_PRODUCTS_DIR)/Money.io.app/Money.io";
			};
			name = Release;
		};
		17F7A9862233C73900360B68 /* Debug */ = {
			isa = XCBuildConfiguration;
			buildSettings = {
				CODE_SIGN_STYLE = Automatic;
				DEVELOPMENT_TEAM = X3GKR9NFG3;
				INFOPLIST_FILE = TransactionIntents/Info.plist;
				LD_RUNPATH_SEARCH_PATHS = (
					"$(inherited)",
					"@executable_path/Frameworks",
					"@executable_path/../../Frameworks",
				);
				PRODUCT_BUNDLE_IDENTIFIER = "com.MatthewChan.Money-io.TransactionIntents";
				PRODUCT_NAME = "$(TARGET_NAME)";
				SKIP_INSTALL = YES;
				SWIFT_VERSION = 4.2;
				TARGETED_DEVICE_FAMILY = "1,2";
			};
			name = Debug;
		};
		17F7A9872233C73900360B68 /* Release */ = {
			isa = XCBuildConfiguration;
			buildSettings = {
				CODE_SIGN_STYLE = Automatic;
				DEVELOPMENT_TEAM = X3GKR9NFG3;
				INFOPLIST_FILE = TransactionIntents/Info.plist;
				LD_RUNPATH_SEARCH_PATHS = (
					"$(inherited)",
					"@executable_path/Frameworks",
					"@executable_path/../../Frameworks",
				);
				PRODUCT_BUNDLE_IDENTIFIER = "com.MatthewChan.Money-io.TransactionIntents";
				PRODUCT_NAME = "$(TARGET_NAME)";
				SKIP_INSTALL = YES;
				SWIFT_VERSION = 4.2;
				TARGETED_DEVICE_FAMILY = "1,2";
			};
			name = Release;
		};
/* End XCBuildConfiguration section */

/* Begin XCConfigurationList section */
		1713B2FC2230EB3700CAE37B /* Build configuration list for PBXNativeTarget "Money Widget" */ = {
			isa = XCConfigurationList;
			buildConfigurations = (
				1713B2FD2230EB3700CAE37B /* Debug */,
				1713B2FE2230EB3700CAE37B /* Release */,
			);
			defaultConfigurationIsVisible = 0;
			defaultConfigurationName = Release;
		};
		17DA94E4222B6073002E2057 /* Build configuration list for PBXProject "Money.io" */ = {
			isa = XCConfigurationList;
			buildConfigurations = (
				17DA9507222B6074002E2057 /* Debug */,
				17DA9508222B6074002E2057 /* Release */,
			);
			defaultConfigurationIsVisible = 0;
			defaultConfigurationName = Release;
		};
		17DA9509222B6074002E2057 /* Build configuration list for PBXNativeTarget "Money.io" */ = {
			isa = XCConfigurationList;
			buildConfigurations = (
				17DA950A222B6074002E2057 /* Debug */,
				17DA950B222B6074002E2057 /* Release */,
			);
			defaultConfigurationIsVisible = 0;
			defaultConfigurationName = Release;
		};
		17DA950C222B6074002E2057 /* Build configuration list for PBXNativeTarget "Money.ioTests" */ = {
			isa = XCConfigurationList;
			buildConfigurations = (
				17DA950D222B6074002E2057 /* Debug */,
				17DA950E222B6074002E2057 /* Release */,
			);
			defaultConfigurationIsVisible = 0;
			defaultConfigurationName = Release;
		};
		17F7A9852233C73900360B68 /* Build configuration list for PBXNativeTarget "TransactionIntents" */ = {
			isa = XCConfigurationList;
			buildConfigurations = (
				17F7A9862233C73900360B68 /* Debug */,
				17F7A9872233C73900360B68 /* Release */,
			);
			defaultConfigurationIsVisible = 0;
			defaultConfigurationName = Release;
		};
/* End XCConfigurationList section */

/* Begin XCVersionGroup section */
		17DA94F3222B6073002E2057 /* Money_io.xcdatamodeld */ = {
			isa = XCVersionGroup;
			children = (
				17DA94F4222B6073002E2057 /* Money_io.xcdatamodel */,
			);
			currentVersion = 17DA94F4222B6073002E2057 /* Money_io.xcdatamodel */;
			path = Money_io.xcdatamodeld;
			sourceTree = "<group>";
			versionGroupType = wrapper.xcdatamodel;
		};
/* End XCVersionGroup section */
	};
	rootObject = 17DA94E1222B6073002E2057 /* Project object */;
}
